// !$*UTF8*$!
{
	archiveVersion = 1;
	classes = {
	};
	objectVersion = 56;
	objects = {

/* Begin PBXBuildFile section */
		E8394CF82B2FB5730003FAB5 /* English_ProjectApp.swift in Sources */ = {isa = PBXBuildFile; fileRef = E8394CF72B2FB5730003FAB5 /* English_ProjectApp.swift */; };
		E8394CFA2B2FB5730003FAB5 /* ContentView.swift in Sources */ = {isa = PBXBuildFile; fileRef = E8394CF92B2FB5730003FAB5 /* ContentView.swift */; };
		E8394CFC2B2FB5750003FAB5 /* Assets.xcassets in Resources */ = {isa = PBXBuildFile; fileRef = E8394CFB2B2FB5750003FAB5 /* Assets.xcassets */; };
		E8394CFF2B2FB5750003FAB5 /* Preview Assets.xcassets in Resources */ = {isa = PBXBuildFile; fileRef = E8394CFE2B2FB5750003FAB5 /* Preview Assets.xcassets */; };
		E8394D062B2FB85B0003FAB5 /* Item.swift in Sources */ = {isa = PBXBuildFile; fileRef = E8394D052B2FB85B0003FAB5 /* Item.swift */; };
		E85237172B31FCF7005ED2FC /* EditItemView.swift in Sources */ = {isa = PBXBuildFile; fileRef = E85237162B31FCF7005ED2FC /* EditItemView.swift */; };
		E85237192B328057005ED2FC /* ContentViewModel.swift in Sources */ = {isa = PBXBuildFile; fileRef = E85237182B328057005ED2FC /* ContentViewModel.swift */; };
		E852371B2B328073005ED2FC /* InfoView.swift in Sources */ = {isa = PBXBuildFile; fileRef = E852371A2B328073005ED2FC /* InfoView.swift */; };
		E852371D2B3282D8005ED2FC /* ListCell.swift in Sources */ = {isa = PBXBuildFile; fileRef = E852371C2B3282D8005ED2FC /* ListCell.swift */; };
		E85237222B3283C6005ED2FC /* CreateNewItemView.swift in Sources */ = {isa = PBXBuildFile; fileRef = E85237212B3283C6005ED2FC /* CreateNewItemView.swift */; };
/* End PBXBuildFile section */

/* Begin PBXFileReference section */
		E8394CF42B2FB5730003FAB5 /* English_Project.app */ = {isa = PBXFileReference; explicitFileType = wrapper.application; includeInIndex = 0; path = English_Project.app; sourceTree = BUILT_PRODUCTS_DIR; };
		E8394CF72B2FB5730003FAB5 /* English_ProjectApp.swift */ = {isa = PBXFileReference; lastKnownFileType = sourcecode.swift; path = English_ProjectApp.swift; sourceTree = "<group>"; };
		E8394CF92B2FB5730003FAB5 /* ContentView.swift */ = {isa = PBXFileReference; lastKnownFileType = sourcecode.swift; path = ContentView.swift; sourceTree = "<group>"; };
		E8394CFB2B2FB5750003FAB5 /* Assets.xcassets */ = {isa = PBXFileReference; lastKnownFileType = folder.assetcatalog; path = Assets.xcassets; sourceTree = "<group>"; };
		E8394CFE2B2FB5750003FAB5 /* Preview Assets.xcassets */ = {isa = PBXFileReference; lastKnownFileType = folder.assetcatalog; path = "Preview Assets.xcassets"; sourceTree = "<group>"; };
		E8394D052B2FB85B0003FAB5 /* Item.swift */ = {isa = PBXFileReference; lastKnownFileType = sourcecode.swift; path = Item.swift; sourceTree = "<group>"; };
		E85237162B31FCF7005ED2FC /* EditItemView.swift */ = {isa = PBXFileReference; lastKnownFileType = sourcecode.swift; path = EditItemView.swift; sourceTree = "<group>"; };
		E85237182B328057005ED2FC /* ContentViewModel.swift */ = {isa = PBXFileReference; lastKnownFileType = sourcecode.swift; path = ContentViewModel.swift; sourceTree = "<group>"; };
		E852371A2B328073005ED2FC /* InfoView.swift */ = {isa = PBXFileReference; lastKnownFileType = sourcecode.swift; path = InfoView.swift; sourceTree = "<group>"; };
		E852371C2B3282D8005ED2FC /* ListCell.swift */ = {isa = PBXFileReference; lastKnownFileType = sourcecode.swift; path = ListCell.swift; sourceTree = "<group>"; };
		E85237212B3283C6005ED2FC /* CreateNewItemView.swift */ = {isa = PBXFileReference; lastKnownFileType = sourcecode.swift; path = CreateNewItemView.swift; sourceTree = "<group>"; };
/* End PBXFileReference section */

/* Begin PBXFrameworksBuildPhase section */
		E8394CF12B2FB5730003FAB5 /* Frameworks */ = {
			isa = PBXFrameworksBuildPhase;
			buildActionMask = 2147483647;
			files = (
			);
			runOnlyForDeploymentPostprocessing = 0;
		};
/* End PBXFrameworksBuildPhase section */

/* Begin PBXGroup section */
		E8394CEB2B2FB5730003FAB5 = {
			isa = PBXGroup;
			children = (
				E8394CF62B2FB5730003FAB5 /* English_Project */,
				E8394CF52B2FB5730003FAB5 /* Products */,
			);
			sourceTree = "<group>";
		};
		E8394CF52B2FB5730003FAB5 /* Products */ = {
			isa = PBXGroup;
			children = (
				E8394CF42B2FB5730003FAB5 /* English_Project.app */,
			);
			name = Products;
			sourceTree = "<group>";
		};
		E8394CF62B2FB5730003FAB5 /* English_Project */ = {
			isa = PBXGroup;
			children = (
				E85237202B328304005ED2FC /* ViewModel */,
				E852371F2B3282F7005ED2FC /* View */,
				E852371E2B3282EE005ED2FC /* Model */,
				E8394CF72B2FB5730003FAB5 /* English_ProjectApp.swift */,
				E8394CFB2B2FB5750003FAB5 /* Assets.xcassets */,
				E8394CFD2B2FB5750003FAB5 /* Preview Content */,
			);
			path = English_Project;
			sourceTree = "<group>";
		};
		E8394CFD2B2FB5750003FAB5 /* Preview Content */ = {
			isa = PBXGroup;
			children = (
				E8394CFE2B2FB5750003FAB5 /* Preview Assets.xcassets */,
			);
			path = "Preview Content";
			sourceTree = "<group>";
		};
		E852371E2B3282EE005ED2FC /* Model */ = {
			isa = PBXGroup;
			children = (
				E8394D052B2FB85B0003FAB5 /* Item.swift */,
			);
			path = Model;
			sourceTree = "<group>";
		};
		E852371F2B3282F7005ED2FC /* View */ = {
			isa = PBXGroup;
			children = (
				E8394CF92B2FB5730003FAB5 /* ContentView.swift */,
				E85237162B31FCF7005ED2FC /* EditItemView.swift */,
				E852371A2B328073005ED2FC /* InfoView.swift */,
				E852371C2B3282D8005ED2FC /* ListCell.swift */,
				E85237212B3283C6005ED2FC /* CreateNewItemView.swift */,
			);
			path = View;
			sourceTree = "<group>";
		};
		E85237202B328304005ED2FC /* ViewModel */ = {
			isa = PBXGroup;
			children = (
				E85237182B328057005ED2FC /* ContentViewModel.swift */,
			);
			path = ViewModel;
			sourceTree = "<group>";
		};
/* End PBXGroup section */

/* Begin PBXNativeTarget section */
		E8394CF32B2FB5730003FAB5 /* English_Project */ = {
			isa = PBXNativeTarget;
			buildConfigurationList = E8394D022B2FB5750003FAB5 /* Build configuration list for PBXNativeTarget "English_Project" */;
			buildPhases = (
				E8394CF02B2FB5730003FAB5 /* Sources */,
				E8394CF12B2FB5730003FAB5 /* Frameworks */,
				E8394CF22B2FB5730003FAB5 /* Resources */,
			);
			buildRules = (
			);
			dependencies = (
			);
			name = English_Project;
			productName = English_Project;
			productReference = E8394CF42B2FB5730003FAB5 /* English_Project.app */;
			productType = "com.apple.product-type.application";
		};
/* End PBXNativeTarget section */

/* Begin PBXProject section */
		E8394CEC2B2FB5730003FAB5 /* Project object */ = {
			isa = PBXProject;
			attributes = {
				BuildIndependentTargetsInParallel = 1;
				LastSwiftUpdateCheck = 1500;
				LastUpgradeCheck = 1500;
				TargetAttributes = {
					E8394CF32B2FB5730003FAB5 = {
						CreatedOnToolsVersion = 15.0.1;
					};
				};
			};
			buildConfigurationList = E8394CEF2B2FB5730003FAB5 /* Build configuration list for PBXProject "English_Project" */;
			compatibilityVersion = "Xcode 14.0";
			developmentRegion = en;
			hasScannedForEncodings = 0;
			knownRegions = (
				en,
				Base,
			);
			mainGroup = E8394CEB2B2FB5730003FAB5;
			productRefGroup = E8394CF52B2FB5730003FAB5 /* Products */;
			projectDirPath = "";
			projectRoot = "";
			targets = (
				E8394CF32B2FB5730003FAB5 /* English_Project */,
			);
		};
/* End PBXProject section */

/* Begin PBXResourcesBuildPhase section */
		E8394CF22B2FB5730003FAB5 /* Resources */ = {
			isa = PBXResourcesBuildPhase;
			buildActionMask = 2147483647;
			files = (
				E8394CFF2B2FB5750003FAB5 /* Preview Assets.xcassets in Resources */,
				E8394CFC2B2FB5750003FAB5 /* Assets.xcassets in Resources */,
			);
			runOnlyForDeploymentPostprocessing = 0;
		};
/* End PBXResourcesBuildPhase section */

/* Begin PBXSourcesBuildPhase section */
		E8394CF02B2FB5730003FAB5 /* Sources */ = {
			isa = PBXSourcesBuildPhase;
			buildActionMask = 2147483647;
			files = (
				E8394CFA2B2FB5730003FAB5 /* ContentView.swift in Sources */,
				E8394D062B2FB85B0003FAB5 /* Item.swift in Sources */,
				E85237222B3283C6005ED2FC /* CreateNewItemView.swift in Sources */,
				E85237192B328057005ED2FC /* ContentViewModel.swift in Sources */,
				E85237172B31FCF7005ED2FC /* EditItemView.swift in Sources */,
				E8394CF82B2FB5730003FAB5 /* English_ProjectApp.swift in Sources */,
				E852371D2B3282D8005ED2FC /* ListCell.swift in Sources */,
				E852371B2B328073005ED2FC /* InfoView.swift in Sources */,
			);
			runOnlyForDeploymentPostprocessing = 0;
		};
/* End PBXSourcesBuildPhase section */

/* Begin XCBuildConfiguration section */
		E8394D002B2FB5750003FAB5 /* Debug */ = {
			isa = XCBuildConfiguration;
			buildSettings = {
				ALWAYS_SEARCH_USER_PATHS = NO;
				ASSETCATALOG_COMPILER_GENERATE_SWIFT_ASSET_SYMBOL_EXTENSIONS = YES;
				CLANG_ANALYZER_NONNULL = YES;
				CLANG_ANALYZER_NUMBER_OBJECT_CONVERSION = YES_AGGRESSIVE;
				CLANG_CXX_LANGUAGE_STANDARD = "gnu++20";
				CLANG_ENABLE_MODULES = YES;
				CLANG_ENABLE_OBJC_ARC = YES;
				CLANG_ENABLE_OBJC_WEAK = YES;
				CLANG_WARN_BLOCK_CAPTURE_AUTORELEASING = YES;
				CLANG_WARN_BOOL_CONVERSION = YES;
				CLANG_WARN_COMMA = YES;
				CLANG_WARN_CONSTANT_CONVERSION = YES;
				CLANG_WARN_DEPRECATED_OBJC_IMPLEMENTATIONS = YES;
				CLANG_WARN_DIRECT_OBJC_ISA_USAGE = YES_ERROR;
				CLANG_WARN_DOCUMENTATION_COMMENTS = YES;
				CLANG_WARN_EMPTY_BODY = YES;
				CLANG_WARN_ENUM_CONVERSION = YES;
				CLANG_WARN_INFINITE_RECURSION = YES;
				CLANG_WARN_INT_CONVERSION = YES;
				CLANG_WARN_NON_LITERAL_NULL_CONVERSION = YES;
				CLANG_WARN_OBJC_IMPLICIT_RETAIN_SELF = YES;
				CLANG_WARN_OBJC_LITERAL_CONVERSION = YES;
				CLANG_WARN_OBJC_ROOT_CLASS = YES_ERROR;
				CLANG_WARN_QUOTED_INCLUDE_IN_FRAMEWORK_HEADER = YES;
				CLANG_WARN_RANGE_LOOP_ANALYSIS = YES;
				CLANG_WARN_STRICT_PROTOTYPES = YES;
				CLANG_WARN_SUSPICIOUS_MOVE = YES;
				CLANG_WARN_UNGUARDED_AVAILABILITY = YES_AGGRESSIVE;
				CLANG_WARN_UNREACHABLE_CODE = YES;
				CLANG_WARN__DUPLICATE_METHOD_MATCH = YES;
				COPY_PHASE_STRIP = NO;
				DEBUG_INFORMATION_FORMAT = dwarf;
				ENABLE_STRICT_OBJC_MSGSEND = YES;
				ENABLE_TESTABILITY = YES;
				ENABLE_USER_SCRIPT_SANDBOXING = YES;
				GCC_C_LANGUAGE_STANDARD = gnu17;
				GCC_DYNAMIC_NO_PIC = NO;
				GCC_NO_COMMON_BLOCKS = YES;
				GCC_OPTIMIZATION_LEVEL = 0;
				GCC_PREPROCESSOR_DEFINITIONS = (
					"DEBUG=1",
					"$(inherited)",
				);
				GCC_WARN_64_TO_32_BIT_CONVERSION = YES;
				GCC_WARN_ABOUT_RETURN_TYPE = YES_ERROR;
				GCC_WARN_UNDECLARED_SELECTOR = YES;
				GCC_WARN_UNINITIALIZED_AUTOS = YES_AGGRESSIVE;
				GCC_WARN_UNUSED_FUNCTION = YES;
				GCC_WARN_UNUSED_VARIABLE = YES;
				IPHONEOS_DEPLOYMENT_TARGET = 17.0;
				LOCALIZATION_PREFERS_STRING_CATALOGS = YES;
				MTL_ENABLE_DEBUG_INFO = INCLUDE_SOURCE;
				MTL_FAST_MATH = YES;
				ONLY_ACTIVE_ARCH = YES;
				SDKROOT = iphoneos;
				SWIFT_ACTIVE_COMPILATION_CONDITIONS = "DEBUG $(inherited)";
				SWIFT_OPTIMIZATION_LEVEL = "-Onone";
			};
			name = Debug;
		};
		E8394D012B2FB5750003FAB5 /* Release */ = {
			isa = XCBuildConfiguration;
			buildSettings = {
				ALWAYS_SEARCH_USER_PATHS = NO;
				ASSETCATALOG_COMPILER_GENERATE_SWIFT_ASSET_SYMBOL_EXTENSIONS = YES;
				CLANG_ANALYZER_NONNULL = YES;
				CLANG_ANALYZER_NUMBER_OBJECT_CONVERSION = YES_AGGRESSIVE;
				CLANG_CXX_LANGUAGE_STANDARD = "gnu++20";
				CLANG_ENABLE_MODULES = YES;
				CLANG_ENABLE_OBJC_ARC = YES;
				CLANG_ENABLE_OBJC_WEAK = YES;
				CLANG_WARN_BLOCK_CAPTURE_AUTORELEASING = YES;
				CLANG_WARN_BOOL_CONVERSION = YES;
				CLANG_WARN_COMMA = YES;
				CLANG_WARN_CONSTANT_CONVERSION = YES;
				CLANG_WARN_DEPRECATED_OBJC_IMPLEMENTATIONS = YES;
				CLANG_WARN_DIRECT_OBJC_ISA_USAGE = YES_ERROR;
				CLANG_WARN_DOCUMENTATION_COMMENTS = YES;
				CLANG_WARN_EMPTY_BODY = YES;
				CLANG_WARN_ENUM_CONVERSION = YES;
				CLANG_WARN_INFINITE_RECURSION = YES;
				CLANG_WARN_INT_CONVERSION = YES;
				CLANG_WARN_NON_LITERAL_NULL_CONVERSION = YES;
				CLANG_WARN_OBJC_IMPLICIT_RETAIN_SELF = YES;
				CLANG_WARN_OBJC_LITERAL_CONVERSION = YES;
				CLANG_WARN_OBJC_ROOT_CLASS = YES_ERROR;
				CLANG_WARN_QUOTED_INCLUDE_IN_FRAMEWORK_HEADER = YES;
				CLANG_WARN_RANGE_LOOP_ANALYSIS = YES;
				CLANG_WARN_STRICT_PROTOTYPES = YES;
				CLANG_WARN_SUSPICIOUS_MOVE = YES;
				CLANG_WARN_UNGUARDED_AVAILABILITY = YES_AGGRESSIVE;
				CLANG_WARN_UNREACHABLE_CODE = YES;
				CLANG_WARN__DUPLICATE_METHOD_MATCH = YES;
				COPY_PHASE_STRIP = NO;
				DEBUG_INFORMATION_FORMAT = "dwarf-with-dsym";
				ENABLE_NS_ASSERTIONS = NO;
				ENABLE_STRICT_OBJC_MSGSEND = YES;
				ENABLE_USER_SCRIPT_SANDBOXING = YES;
				GCC_C_LANGUAGE_STANDARD = gnu17;
				GCC_NO_COMMON_BLOCKS = YES;
				GCC_WARN_64_TO_32_BIT_CONVERSION = YES;
				GCC_WARN_ABOUT_RETURN_TYPE = YES_ERROR;
				GCC_WARN_UNDECLARED_SELECTOR = YES;
				GCC_WARN_UNINITIALIZED_AUTOS = YES_AGGRESSIVE;
				GCC_WARN_UNUSED_FUNCTION = YES;
				GCC_WARN_UNUSED_VARIABLE = YES;
				IPHONEOS_DEPLOYMENT_TARGET = 17.0;
				LOCALIZATION_PREFERS_STRING_CATALOGS = YES;
				MTL_ENABLE_DEBUG_INFO = NO;
				MTL_FAST_MATH = YES;
				SDKROOT = iphoneos;
				SWIFT_COMPILATION_MODE = wholemodule;
				VALIDATE_PRODUCT = YES;
			};
			name = Release;
		};
		E8394D032B2FB5750003FAB5 /* Debug */ = {
			isa = XCBuildConfiguration;
			buildSettings = {
				ASSETCATALOG_COMPILER_APPICON_NAME = AppIcon;
				ASSETCATALOG_COMPILER_GLOBAL_ACCENT_COLOR_NAME = AccentColor;
				CODE_SIGN_STYLE = Automatic;
				CURRENT_PROJECT_VERSION = 1;
				DEVELOPMENT_ASSET_PATHS = "\"English_Project/Preview Content\"";
				DEVELOPMENT_TEAM = PCTRQS8Z4G;
				ENABLE_PREVIEWS = YES;
				GENERATE_INFOPLIST_FILE = YES;
				INFOPLIST_KEY_UIApplicationSceneManifest_Generation = YES;
				INFOPLIST_KEY_UIApplicationSupportsIndirectInputEvents = YES;
				INFOPLIST_KEY_UILaunchScreen_Generation = YES;
				INFOPLIST_KEY_UISupportedInterfaceOrientations_iPad = "UIInterfaceOrientationPortrait UIInterfaceOrientationPortraitUpsideDown UIInterfaceOrientationLandscapeLeft UIInterfaceOrientationLandscapeRight";
				INFOPLIST_KEY_UISupportedInterfaceOrientations_iPhone = "UIInterfaceOrientationPortrait UIInterfaceOrientationLandscapeLeft UIInterfaceOrientationLandscapeRight";
				LD_RUNPATH_SEARCH_PATHS = (
					"$(inherited)",
					"@executable_path/Frameworks",
				);
				MARKETING_VERSION = 1.0;
				PRODUCT_BUNDLE_IDENTIFIER = "Leonardo.English-Project";
				PRODUCT_NAME = "$(TARGET_NAME)";
				SWIFT_EMIT_LOC_STRINGS = YES;
				SWIFT_VERSION = 5.0;
				TARGETED_DEVICE_FAMILY = "1,2";
			};
			name = Debug;
		};
		E8394D042B2FB5750003FAB5 /* Release */ = {
			isa = XCBuildConfiguration;
			buildSettings = {
				ASSETCATALOG_COMPILER_APPICON_NAME = AppIcon;
				ASSETCATALOG_COMPILER_GLOBAL_ACCENT_COLOR_NAME = AccentColor;
				CODE_SIGN_STYLE = Automatic;
				CURRENT_PROJECT_VERSION = 1;
				DEVELOPMENT_ASSET_PATHS = "\"English_Project/Preview Content\"";
				DEVELOPMENT_TEAM = PCTRQS8Z4G;
				ENABLE_PREVIEWS = YES;
				GENERATE_INFOPLIST_FILE = YES;
				INFOPLIST_KEY_UIApplicationSceneManifest_Generation = YES;
				INFOPLIST_KEY_UIApplicationSupportsIndirectInputEvents = YES;
				INFOPLIST_KEY_UILaunchScreen_Generation = YES;
				INFOPLIST_KEY_UISupportedInterfaceOrientations_iPad = "UIInterfaceOrientationPortrait UIInterfaceOrientationPortraitUpsideDown UIInterfaceOrientationLandscapeLeft UIInterfaceOrientationLandscapeRight";
				INFOPLIST_KEY_UISupportedInterfaceOrientations_iPhone = "UIInterfaceOrientationPortrait UIInterfaceOrientationLandscapeLeft UIInterfaceOrientationLandscapeRight";
				LD_RUNPATH_SEARCH_PATHS = (
					"$(inherited)",
					"@executable_path/Frameworks",
				);
				MARKETING_VERSION = 1.0;
				PRODUCT_BUNDLE_IDENTIFIER = "Leonardo.English-Project";
				PRODUCT_NAME = "$(TARGET_NAME)";
				SWIFT_EMIT_LOC_STRINGS = YES;
				SWIFT_VERSION = 5.0;
				TARGETED_DEVICE_FAMILY = "1,2";
			};
			name = Release;
		};
/* End XCBuildConfiguration section */

/* Begin XCConfigurationList section */
		E8394CEF2B2FB5730003FAB5 /* Build configuration list for PBXProject "English_Project" */ = {
			isa = XCConfigurationList;
			buildConfigurations = (
				E8394D002B2FB5750003FAB5 /* Debug */,
				E8394D012B2FB5750003FAB5 /* Release */,
			);
			defaultConfigurationIsVisible = 0;
			defaultConfigurationName = Release;
		};
		E8394D022B2FB5750003FAB5 /* Build configuration list for PBXNativeTarget "English_Project" */ = {
			isa = XCConfigurationList;
			buildConfigurations = (
				E8394D032B2FB5750003FAB5 /* Debug */,
				E8394D042B2FB5750003FAB5 /* Release */,
			);
			defaultConfigurationIsVisible = 0;
			defaultConfigurationName = Release;
		};
/* End XCConfigurationList section */
	};
	rootObject = E8394CEC2B2FB5730003FAB5 /* Project object */;
}
